
Microsoft Visual Studio Solution File, Format Version 12.00
# Visual Studio 15
VisualStudioVersion = 15.0.28307.136
MinimumVisualStudioVersion = 10.0.40219.1
Project("{9A19103F-16F7-4668-BE54-9A1E7A4F7556}") = "SocNetAnalyzer", "SocNetAnalyzer\SocNetAnalyzer.csproj", "{94B1B469-4DAF-46B2-BF38-EA46DDE0C36D}"
EndProject
Project("{FAE04EC0-301F-11D3-BF4B-00C04F79EFBC}") = "SocNetAnalyzer.Tests", "SocNetAnalyzer.Tests\SocNetAnalyzer.Tests.csproj", "{224626FC-C76C-49F8-B636-891CAB039EC0}"
EndProject
Global
	GlobalSection(SolutionConfigurationPlatforms) = preSolution
		Debug|Any CPU = Debug|Any CPU
		Release|Any CPU = Release|Any CPU
	EndGlobalSection
	GlobalSection(ProjectConfigurationPlatforms) = postSolution
		{94B1B469-4DAF-46B2-BF38-EA46DDE0C36D}.Debug|Any CPU.ActiveCfg = Debug|Any CPU
		{94B1B469-4DAF-46B2-BF38-EA46DDE0C36D}.Debug|Any CPU.Build.0 = Debug|Any CPU
		{94B1B469-4DAF-46B2-BF38-EA46DDE0C36D}.Release|Any CPU.ActiveCfg = Release|Any CPU
		{94B1B469-4DAF-46B2-BF38-EA46DDE0C36D}.Release|Any CPU.Build.0 = Release|Any CPU
		{224626FC-C76C-49F8-B636-891CAB039EC0}.Debug|Any CPU.ActiveCfg = Debug|Any CPU
		{224626FC-C76C-49F8-B636-891CAB039EC0}.Debug|Any CPU.Build.0 = Debug|Any CPU
		{224626FC-C76C-49F8-B636-891CAB039EC0}.Release|Any CPU.ActiveCfg = Release|Any CPU
		{224626FC-C76C-49F8-B636-891CAB039EC0}.Release|Any CPU.Build.0 = Release|Any CPU
	EndGlobalSection
	GlobalSection(SolutionProperties) = preSolution
		HideSolutionNode = FALSE
	EndGlobalSection
	GlobalSection(ExtensibilityGlobals) = postSolution
		SolutionGuid = {FF039822-1CCE-4C34-9C78-B225C35445F3}
	EndGlobalSection
EndGlobal
